{"SurveyEntry":{"SurveyID":"SV_9HpuRsJkvPEmY2F","SurveyName":"StandardQuestions","SurveyDescription":null,"SurveyOwnerID":"UR_1E6CrpoG7ii5ibz","SurveyBrandID":"qtrial2019q1az1","DivisionID":null,"SurveyLanguage":"EN","SurveyActiveResponseSet":"RS_cO3uTVJLlcnhY6V","SurveyStatus":"Inactive","SurveyStartDate":"0000-00-00 00:00:00","SurveyExpirationDate":"0000-00-00 00:00:00","SurveyCreationDate":"2019-02-03 13:17:09","CreatorID":"UR_1E6CrpoG7ii5ibz","LastModified":"2019-02-03 13:29:28","LastAccessed":"0000-00-00 00:00:00","LastActivated":"0000-00-00 00:00:00","Deleted":null},"SurveyElements":[{"SurveyID":"SV_9HpuRsJkvPEmY2F","Element":"BL","PrimaryAttribute":"Survey Blocks","SecondaryAttribute":null,"TertiaryAttribute":null,"Payload":[{"Type":"Default","Description":"Default Question Block","ID":"BL_8rhMNftmRaub3G5","BlockElements":[{"Type":"Question","QuestionID":"QID1"},{"Type":"Question","QuestionID":"QID2"},{"Type":"Question","QuestionID":"QID3"},{"Type":"Question","QuestionID":"QID4"},{"Type":"Question","QuestionID":"QID5"},{"Type":"Question","QuestionID":"QID6"},{"Type":"Question","QuestionID":"QID7"},{"Type":"Question","QuestionID":"QID8"}]},{"Type":"Trash","Description":"Trash \/ Unused Questions","ID":"BL_et7RsydnkXwSvbL"}]},{"SurveyID":"SV_9HpuRsJkvPEmY2F","Element":"FL","PrimaryAttribute":"Survey Flow","SecondaryAttribute":null,"TertiaryAttribute":null,"Payload":{"Flow":[{"ID":"BL_8rhMNftmRaub3G5","Type":"Block","FlowID":"FL_2"}],"Properties":{"Count":2},"FlowID":"FL_1","Type":"Root"}},{"SurveyID":"SV_9HpuRsJkvPEmY2F","Element":"SO","PrimaryAttribute":"Survey Options","SecondaryAttribute":null,"TertiaryAttribute":null,"Payload":{"BackButton":"false","SaveAndContinue":"true","SurveyProtection":"PublicSurvey","BallotBoxStuffingPrevention":"false","NoIndex":"Yes","SecureResponseFiles":"true","SurveyExpiration":"None","SurveyTermination":"DefaultMessage","Header":"","Footer":"","ProgressBarDisplay":"None","PartialData":"+1 week","ValidationMessage":"","PreviousButton":" \u2190 ","NextButton":" \u2192 ","SkinLibrary":"Qualtrics","SkinType":"MQ","Skin":"v4qualtrics1","NewScoring":1}},{"SurveyID":"SV_9HpuRsJkvPEmY2F","Element":"SCO","PrimaryAttribute":"Scoring","SecondaryAttribute":null,"TertiaryAttribute":null,"Payload":{"ScoringCategories":[],"ScoringCategoryGroups":[],"ScoringSummaryCategory":null,"ScoringSummaryAfterQuestions":0,"ScoringSummaryAfterSurvey":0,"DefaultScoringCategory":null,"AutoScoringCategory":null}},{"SurveyID":"SV_9HpuRsJkvPEmY2F","Element":"PROJ","PrimaryAttribute":"CORE","SecondaryAttribute":null,"TertiaryAttribute":"1.1.0","Payload":{"ProjectCategory":"CORE","SchemaVersion":"1.1.0"}},{"SurveyID":"SV_9HpuRsJkvPEmY2F","Element":"STAT","PrimaryAttribute":"Survey Statistics","SecondaryAttribute":null,"TertiaryAttribute":null,"Payload":{"MobileCompatible":false,"ID":"Survey Statistics"}},{"SurveyID":"SV_9HpuRsJkvPEmY2F","Element":"QC","PrimaryAttribute":"Survey Question Count","SecondaryAttribute":"8","TertiaryAttribute":null,"Payload":null},{"SurveyID":"SV_9HpuRsJkvPEmY2F","Element":"SQ","PrimaryAttribute":"QID1","SecondaryAttribute":"Choose a single option","TertiaryAttribute":null,"Payload":{"QuestionText":"Choose a single option","DataExportTag":"Q1","QuestionType":"MC","Selector":"SAVR","SubSelector":"TX","Configuration":{"QuestionDescriptionOption":"UseText"},"QuestionDescription":"Choose a single option","Choices":{"1":{"Display":"Choice 1"},"2":{"Display":"Choice 2"},"3":{"Display":"Choice 3"}},"ChoiceOrder":["1","2","3"],"Validation":{"Settings":{"ForceResponse":"OFF","ForceResponseType":"ON","Type":"None"}},"Language":[],"NextChoiceId":4,"NextAnswerId":1,"QuestionID":"QID1"}},{"SurveyID":"SV_9HpuRsJkvPEmY2F","Element":"SQ","PrimaryAttribute":"QID3","SecondaryAttribute":"Choose from dropdown","TertiaryAttribute":null,"Payload":{"QuestionText":"Choose from dropdown","DataExportTag":"Q3","QuestionType":"MC","Selector":"DL","Configuration":{"QuestionDescriptionOption":"UseText"},"QuestionDescription":"Choose from dropdown","Choices":{"1":{"Display":"Click to write Choice 1"},"2":{"Display":"Click to write Choice 2"},"3":{"Display":"Click to write Choice 3"}},"ChoiceOrder":["1","2","3"],"Validation":{"Settings":{"ForceResponse":"OFF","ForceResponseType":"ON","Type":"None"}},"Language":[],"NextChoiceId":4,"NextAnswerId":1,"QuestionID":"QID3"}},{"SurveyID":"SV_9HpuRsJkvPEmY2F","Element":"SQ","PrimaryAttribute":"QID2","SecondaryAttribute":"Choose n options","TertiaryAttribute":null,"Payload":{"QuestionText":"Choose n options","DataExportTag":"Q2","QuestionType":"MC","Selector":"MAVR","SubSelector":"TX","Configuration":{"QuestionDescriptionOption":"UseText"},"QuestionDescription":"Choose n options","Choices":{"1":{"Display":"Choice 1"},"2":{"Display":"Choice 2"},"3":{"Display":"Choice 3"}},"ChoiceOrder":["1","2","3"],"Validation":{"Settings":{"ForceResponse":"OFF","ForceResponseType":"ON","Type":"None"}},"Language":[],"NextChoiceId":4,"NextAnswerId":1,"QuestionID":"QID2"}},{"SurveyID":"SV_9HpuRsJkvPEmY2F","Element":"RS","PrimaryAttribute":"RS_cO3uTVJLlcnhY6V","SecondaryAttribute":"Default Response Set","TertiaryAttribute":null,"Payload":null},{"SurveyID":"SV_9HpuRsJkvPEmY2F","Element":"SQ","PrimaryAttribute":"QID4","SecondaryAttribute":"How effective is the leadership of your department?","TertiaryAttribute":null,"Payload":{"QuestionText":"How effective is the leadership of your department?","DefaultChoices":false,"DataExportTag":"Q4","QuestionID":"QID4","QuestionType":"Matrix","Selector":"Likert","SubSelector":"SingleAnswer","Configuration":{"QuestionDescriptionOption":"UseText","TextPosition":"inline","ChoiceColumnWidth":25,"RepeatHeaders":"none","WhiteSpace":"OFF","MobileFirst":true},"QuestionDescription":"How effective is the leadership of your department?","Choices":{"6":{"Display":"Sub-question-1"},"7":{"Display":"Sub-question-2"},"8":{"Display":"Sub-question-3"}},"ChoiceOrder":["6","7","8"],"Validation":{"Settings":{"ForceResponse":"OFF","ForceResponseType":"ON","Type":"None"}},"GradingData":[],"Language":[],"NextChoiceId":9,"NextAnswerId":6,"Answers":{"1":{"Display":"Extremely effective"},"2":{"Display":"Very effective"},"3":{"Display":"Moderately effective"},"4":{"Display":"Slightly effective"},"5":{"Display":"Not effective at all"}},"AnswerOrder":["1","2","3","4","5"],"ChoiceDataExportTags":false}},{"SurveyID":"SV_9HpuRsJkvPEmY2F","Element":"SQ","PrimaryAttribute":"QID6","SecondaryAttribute":"How effectively are your talents being utilized by the department?","TertiaryAttribute":null,"Payload":{"QuestionText":"How effectively are your talents being utilized by the department?","DefaultChoices":false,"DataExportTag":"Q6","QuestionID":"QID6","QuestionType":"Slider","Selector":"HSLIDER","Configuration":{"QuestionDescriptionOption":"UseText","CSSliderMin":0,"CSSliderMax":100,"GridLines":10,"SnapToGrid":false,"NumDecimals":"0","ShowValue":true,"CustomStart":false,"NotApplicable":false,"MobileFirst":true},"QuestionDescription":"How effectively are your talents being utilized by the department?","Choices":{"1":{"Display":"Sub-question-1"},"2":{"Display":"Sub-question-2"},"3":{"Display":"Sub-question-3"},"4":{"Display":"Sub-question-4"}},"ChoiceOrder":[1,2,3,4],"Validation":{"Settings":{"ForceResponse":"OFF","ForceResponseType":"ON","Type":"None"}},"GradingData":[],"Language":[],"NextChoiceId":5,"NextAnswerId":1,"Labels":[]}},{"SurveyID":"SV_9HpuRsJkvPEmY2F","Element":"SQ","PrimaryAttribute":"QID8","SecondaryAttribute":"How fair or unfair are the administrative procedures at this university (e.g., the faculty evalua...","TertiaryAttribute":null,"Payload":{"QuestionText":"How fair or unfair are the administrative procedures at this university (e.g., the faculty evaluation process)?","DefaultChoices":false,"DataExportTag":"Q8","QuestionID":"QID8","QuestionType":"SBS","Selector":"SBSMatrix","Configuration":{"QuestionDescriptionOption":"UseText","RepeatHeaders":"none"},"QuestionDescription":"How fair or unfair are the administrative procedures at this university (e.g., the faculty evalua...","Choices":{"1":{"Display":"Statement 1"},"2":{"Display":"Statement 2"},"3":{"Display":"Statement 3"}},"ChoiceOrder":["1","2","3"],"Validation":{"Settings":{"ForceResponse":"OFF","ForceResponseType":"ON","Type":"None"}},"GradingData":[],"Language":[],"NextChoiceId":4,"NextAnswerId":3,"NumberOfQuestions":2,"AdditionalQuestions":{"1":{"QuestionText":"Evaluate by X","Answers":{"1":{"Display":"Yes"},"2":{"Display":"No"}},"RecodeValues":[],"VariableNaming":[],"AnalyzeChoices":[],"QuestionType":"Matrix","Selector":"Likert","SubSelector":"SingleAnswer","ChoiceColumnWidthPixels":null,"DataExportTag":"Q8#1","QuestionID":"QID8#1","Choices":{"1":{"Display":"Statement 1"},"2":{"Display":"Statement 2"},"3":{"Display":"Statement 3"}},"ChoiceDataExportTags":false,"QuestionDescription":"Evaluate by X","Configuration":{"QuestionDescriptionOption":"UseText"}},"2":{"QuestionText":"Evaluate by Y","Answers":{"1":{"Display":"Yes"},"2":{"Display":"No"}},"RecodeValues":[],"VariableNaming":[],"AnalyzeChoices":[],"QuestionType":"Matrix","Selector":"Likert","SubSelector":"SingleAnswer","ChoiceColumnWidthPixels":null,"DataExportTag":"Q8#2","QuestionID":"QID8#2","Choices":{"1":{"Display":"Statement 1"},"2":{"Display":"Statement 2"},"3":{"Display":"Statement 3"}},"ChoiceDataExportTags":false,"QuestionDescription":"Evaluate by Y","Configuration":{"QuestionDescriptionOption":"UseText"}}},"ChoiceDataExportTags":false}},{"SurveyID":"SV_9HpuRsJkvPEmY2F","Element":"SQ","PrimaryAttribute":"QID7","SecondaryAttribute":"How satisfied or dissatisfied are you with the senior administration at this university?","TertiaryAttribute":null,"Payload":{"QuestionText":"How satisfied or dissatisfied are you with the senior administration at this university?","DefaultChoices":false,"DataExportTag":"Q7","QuestionID":"QID7","QuestionType":"RO","Selector":"DND","SubSelector":"TX","Configuration":{"QuestionDescriptionOption":"UseText"},"QuestionDescription":"How satisfied or dissatisfied are you with the senior administration at this university?","Choices":{"1":{"Display":"Statement-1"},"2":{"Display":"Statement-2"},"3":{"Display":"Statement-3"},"4":{"Display":"Statement-4"}},"ChoiceOrder":[1,2,3,4],"Validation":{"Settings":{"ForceResponse":"OFF","Type":"None"}},"GradingData":[],"Language":[],"NextChoiceId":5,"NextAnswerId":1}},{"SurveyID":"SV_9HpuRsJkvPEmY2F","Element":"SQ","PrimaryAttribute":"QID5","SecondaryAttribute":"How valued do you feel your input and opinions are by department leaders?","TertiaryAttribute":null,"Payload":{"QuestionText":"How valued do you feel your input and opinions are by department leaders?","DefaultChoices":false,"DataExportTag":"Q5","QuestionID":"QID5","QuestionType":"TE","Selector":"SL","Configuration":{"QuestionDescriptionOption":"UseText","AllowFreeResponse":"false"},"QuestionDescription":"How valued do you feel your input and opinions are by department leaders?","Validation":{"Settings":{"ForceResponse":"OFF","ForceResponseType":"ON","Type":"None"}},"GradingData":[],"Language":[],"NextChoiceId":4,"NextAnswerId":1}}]}