{"SurveyEntry":{"SurveyID":"SV_eLp3fshrgrS1EzP","SurveyName":"test","SurveyDescription":"Faculty Satisfaction","SurveyOwnerID":"UR_1E6CrpoG7ii5ibz","SurveyBrandID":"qtrial2019q1az1","DivisionID":null,"SurveyLanguage":"EN","SurveyActiveResponseSet":"RS_1RZzcxvEDPIVtgp","SurveyStatus":"Inactive","SurveyStartDate":"0000-00-00 00:00:00","SurveyExpirationDate":"0000-00-00 00:00:00","SurveyCreationDate":"2019-01-09 10:20:40","CreatorID":"UR_1E6CrpoG7ii5ibz","LastModified":"2019-01-26 09:27:27","LastAccessed":"0000-00-00 00:00:00","LastActivated":"0000-00-00 00:00:00","Deleted":null},"SurveyElements":[{"SurveyID":"SV_eLp3fshrgrS1EzP","Element":"BL","PrimaryAttribute":"Survey Blocks","SecondaryAttribute":null,"TertiaryAttribute":null,"Payload":{"1":{"BlockElements":[],"Description":"Trash \/ Unused Questions","ID":"BL_0uB7dJfwf2pLXZb","Type":"Trash","Options":{"BlockLocking":"false","RandomizeQuestions":"false","BlockVisibility":"Collapsed"}},"5":{"BlockElements":[{"QuestionID":"QID172807674","Type":"Question"},{"QuestionID":"QID172807676","Type":"Question"},{"QuestionID":"QID172807677","Type":"Question"},{"QuestionID":"QID172807678","Type":"Question"},{"QuestionID":"QID172807680","Type":"Question"},{"QuestionID":"QID172807679","Type":"Question"}],"Description":"Faculty Satisfaction","ID":"BL_bNw4SIRXkXYfNul","Options":{"BlockLocking":false,"RandomizeQuestions":"false","BlockVisibility":"Expanded"},"Type":"Standard"},"6":{"BlockElements":[],"Description":"SURVEY INSTRUCTION","ID":"BL_9poAWSemmngSjul","SubType":"","Type":"Standard"}}},{"SurveyID":"SV_eLp3fshrgrS1EzP","Element":"FL","PrimaryAttribute":"Survey Flow","SecondaryAttribute":null,"TertiaryAttribute":null,"Payload":{"Flow":[{"FlowID":"FL_3","ID":"BL_9poAWSemmngSjul","Type":"Standard"},{"FlowID":"FL_2","ID":"BL_bNw4SIRXkXYfNul","Type":"Standard"}],"FlowID":"FL_1","Properties":{"Count":3},"Type":"Root"}},{"SurveyID":"SV_eLp3fshrgrS1EzP","Element":"SO","PrimaryAttribute":"Survey Options","SecondaryAttribute":null,"TertiaryAttribute":null,"Payload":{"AvailableLanguages":{"DE":[],"EN":[],"ES":[],"ES-ES":[],"FI":[],"FR":[],"IT":[],"JA":[],"KO":[],"NL":[],"PT":[],"PT-BR":[],"ZH-S":[],"ZH-T":[]},"BackButton":"false","BallotBoxStuffingPrevention":"false","Footer":"","Header":"","NewScoring":1,"NextButton":"  >>  ","NoIndex":"Yes","PartialData":"+1 week","PreviousButton":"  <<  ","ProgressBarDisplay":"None","SaveAndContinue":"true","Skin":"v4qualtrics1","SkinLibrary":"Qualtrics","SkinType":"MQ","SurveyExpiration":null,"SurveyName":null,"SurveyProtection":"PublicSurvey","SurveyTermination":"DefaultMessage","ValidationMessage":null,"EOSMessage":"","ShowExportTags":"false","CollectGeoLocation":"false","SurveyTitle":"Online Survey Software | Qualtrics Survey Solutions","SurveyMetaDescription":"Qualtrics sophisticated online survey software solutions make creating online surveys easy. Learn more about Research Suite and get a free account today.","PasswordProtection":"No","AnonymizeResponse":"No","Password":"","RefererCheck":"No","SecureResponseFiles":"false","RefererURL":"http:\/\/","ResponseSummary":"No","EOSMessageLibrary":"","EOSRedirectURL":"https:\/\/","EmailThankYou":"false","ThankYouEmailMessageLibrary":null,"ThankYouEmailMessage":null,"ValidateMessage":"false","ValidationMessageLibrary":null,"InactiveSurvey":"DefaultMessage","PartialDataCloseAfter":"LastActivity","ActiveResponseSet":null,"InactiveMessageLibrary":"","InactiveMessage":""}},{"SurveyID":"SV_eLp3fshrgrS1EzP","Element":"SCO","PrimaryAttribute":"Scoring","SecondaryAttribute":null,"TertiaryAttribute":null,"Payload":{"AutoScoringCategory":null,"DefaultScoringCategory":null,"ScoringCategories":[],"ScoringCategoryGroups":[],"ScoringSummaryAfterQuestions":0,"ScoringSummaryAfterSurvey":0,"ScoringSummaryCategory":null}},{"SurveyID":"SV_eLp3fshrgrS1EzP","Element":"PROJ","PrimaryAttribute":"CORE","SecondaryAttribute":null,"TertiaryAttribute":"1.1.0","Payload":{"ProjectCategory":"CORE","SchemaVersion":"1.1.0"}},{"SurveyID":"SV_eLp3fshrgrS1EzP","Element":"STAT","PrimaryAttribute":"Survey Statistics","SecondaryAttribute":null,"TertiaryAttribute":null,"Payload":{"ID":"Survey Statistics","MobileCompatible":true}},{"SurveyID":"SV_eLp3fshrgrS1EzP","Element":"QC","PrimaryAttribute":"Survey Question Count","SecondaryAttribute":"54","TertiaryAttribute":null,"Payload":null},{"SurveyID":"SV_eLp3fshrgrS1EzP","Element":"RS","PrimaryAttribute":"RS_1RZzcxvEDPIVtgp","SecondaryAttribute":"Default Response Set","TertiaryAttribute":null,"Payload":null},{"SurveyID":"SV_eLp3fshrgrS1EzP","Element":"SQ","PrimaryAttribute":"QID172807676","SecondaryAttribute":"How effective is the leadership of your department?","TertiaryAttribute":null,"Payload":{"QuestionText":"How effective is the leadership of your department?","DefaultChoices":false,"DataExportTag":"Q2","QuestionID":"QID172807676","QuestionType":"Matrix","Selector":"Likert","SubSelector":"SingleAnswer","DataVisibility":{"Private":false,"Hidden":false},"Configuration":{"QuestionDescriptionOption":"UseText","TextPosition":"inline","ChoiceColumnWidth":25,"RepeatHeaders":"none","WhiteSpace":"OFF","MobileFirst":true},"QuestionDescription":"How effective is the leadership of your department?","Choices":{"1":{"Display":"Sub-question-1"},"2":{"Display":"Sub-question-2"},"3":{"Display":"Sub-question-3"},"4":{"Display":"Sub-question-4"},"5":{"Display":"Sub-question-5"}},"ChoiceOrder":[1,2,3,4,5],"Validation":{"Settings":{"ForceResponse":"OFF","ForceResponseType":"ON","Type":"None"}},"GradingData":[],"Language":{"DE":{"QuestionText":"Wie effizient ist die Leitung Ihrer Abteilung?","Choices":{"1":{"Display":"Extrem effizient"},"2":{"Display":"Sehr effizient"},"3":{"Display":"Effizient"},"4":{"Display":"Nicht sehr effizient"},"5":{"Display":"Uneffizient"}}},"ES":{"QuestionText":"\u00bfQu\u00e9 tan eficaz es el liderazgo de su departamento?","Choices":{"1":{"Display":"Extremadamente eficaz"},"2":{"Display":"Muy eficaz"},"3":{"Display":"Moderadamente eficaz"},"4":{"Display":"Ligeramente eficaz"},"5":{"Display":"Para nada eficaz"}}},"ES-ES":{"QuestionText":"\u00bfCu\u00e1l es el nivel de eficacia de los encargados de su departamento?","Choices":{"1":{"Display":"Extremadamente eficaz"},"2":{"Display":"Muy eficaz"},"3":{"Display":"Algo eficaz"},"4":{"Display":"Poco eficaz"},"5":{"Display":"Nada eficaz"}}},"FI":{"QuestionText":"Kuinka tehokasta osastosi johtaminen on?","Choices":{"1":{"Display":"Todella tehokasta"},"2":{"Display":"Eritt\u00e4in tehokasta"},"3":{"Display":"Kohtuullisen tehokasta"},"4":{"Display":"Hieman tehokasta"},"5":{"Display":"Ei lainkaan tehokasta"}}},"FR":{"QuestionText":"Comment d\u00e9cririez-vous la capacit\u00e9 \u00e0 diriger de votre d\u00e9partement\u00a0?","Choices":{"1":{"Display":"Extr\u00eamement efficace"},"2":{"Display":"Tr\u00e8s efficace"},"3":{"Display":"Moyennement efficace"},"4":{"Display":"L\u00e9g\u00e8rement efficace"},"5":{"Display":"Pas efficace du tout"}}},"IT":{"QuestionText":"Quanto \u00e8 efficace la direzione del tuo dipartimento?","Choices":{"1":{"Display":"Estremamente efficace"},"2":{"Display":"Molto efficace"},"3":{"Display":"Moderatamente efficace"},"4":{"Display":"Leggermente efficace"},"5":{"Display":"Per nulla efficace"}}},"JA":{"QuestionText":"\u6240\u5c5e\u90e8\u9580\u306e\u30ea\u30fc\u30c0\u30fc\u306f\u3069\u308c\u304f\u3089\u3044\u52b9\u679c\u7684\u306b\u30ea\u30fc\u30c0\u30fc\u30b7\u30c3\u30d7\u3092\u767a\u63ee\u3057\u3066\u3044\u307e\u3059\u304b\uff1f","Choices":{"1":{"Display":"\u975e\u5e38\u306b\u52b9\u679c\u7684"},"2":{"Display":"\u3068\u3066\u3082\u52b9\u679c\u7684"},"3":{"Display":"\u3084\u3084\u52b9\u679c\u7684"},"4":{"Display":"\u308f\u305a\u304b\u306b\u52b9\u679c\u7684"},"5":{"Display":"\u3068\u3066\u3082\u52b9\u679c\u7684\u3067\u306f\u306a\u3044"}}},"KO":{"QuestionText":"\ubd80\uc11c\uc758 \ub9ac\ub354\uc2ed\uc774 \uc5bc\ub9c8\ub098 \ud6a8\uacfc\uc801\uc785\ub2c8\uae4c?","Choices":{"1":{"Display":"\uadf9\ud788 \ud6a8\uacfc\uc801"},"2":{"Display":"\ub9e4\uc6b0 \ud6a8\uacfc\uc801"},"3":{"Display":"\uc5b4\ub290 \uc815\ub3c4 \ud6a8\uacfc\uc801"},"4":{"Display":"\uc57d\uac04 \ud6a8\uacfc\uc801"},"5":{"Display":"\uc804\ud600 \ud6a8\uacfc\uc801\uc774\uc9c0 \uc54a\uc74c"}}},"NL":{"QuestionText":"Hoe doeltreffend is het leiderschap van uw afdeling?","Choices":{"1":{"Display":"Bijzonder doeltreffend"},"2":{"Display":"Heel doeltreffend"},"3":{"Display":"Doeltreffend"},"4":{"Display":"Enigszins doeltreffend"},"5":{"Display":"Zeer ondoeltreffend"}}},"PT":{"QuestionText":"Como classifica a efici\u00eancia da lideran\u00e7a do seu departamento?","Choices":{"1":{"Display":"Extremamente eficiente"},"2":{"Display":"Muito eficiente"},"3":{"Display":"Relativamente eficiente"},"4":{"Display":"Ligeiramente eficiente"},"5":{"Display":"Nada eficiente"}}},"PT-BR":{"QuestionText":"A lideran\u00e7a do seu departamento \u00e9 eficaz?","Choices":{"1":{"Display":"Extremamente eficaz"},"2":{"Display":"Muito eficaz"},"3":{"Display":"Moderadamente eficaz"},"4":{"Display":"Levemente eficaz"},"5":{"Display":"Nada eficaz"}}},"ZH-S":{"QuestionText":"\u60a8\u6240\u5728\u90e8\u95e8\u9886\u5bfc\u7684\u6548\u7387\u5982\u4f55\uff1f","Choices":{"1":{"Display":"\u6781\u4e3a\u6709\u6548"},"2":{"Display":"\u975e\u5e38\u6709\u6548"},"3":{"Display":"\u4e00\u822c\u6709\u6548"},"4":{"Display":"\u6709\u70b9\u6709\u6548"},"5":{"Display":"\u5b8c\u5168\u65e0\u6548"}}},"ZH-T":{"QuestionText":"\u60a8\u7684\u90e8\u9580\u9818\u5c0e\u6709\u6548\u7a0b\u5ea6\u5982\u4f55\uff1f","Choices":{"1":{"Display":"\u6975\u5176\u6709\u6548"},"2":{"Display":"\u975e\u5e38\u6709\u6548"},"3":{"Display":"\u4e2d\u7b49\u7a0b\u5ea6\u6709\u6548"},"4":{"Display":"\u8f15\u5fae\u6709\u6548"},"5":{"Display":"\u5b8c\u5168\u7121\u6548"}}}},"NextChoiceId":6,"NextAnswerId":4,"Answers":{"1":{"Display":"Low"},"2":{"Display":"Medium"},"3":{"Display":"High"}},"AnswerOrder":["1","2","3"],"ChoiceDataExportTags":false}},{"SurveyID":"SV_eLp3fshrgrS1EzP","Element":"SQ","PrimaryAttribute":"QID172807678","SecondaryAttribute":"How effectively are your talents being utilized by the department?","TertiaryAttribute":null,"Payload":{"QuestionText":"How effectively are your talents being utilized by the department?","DefaultChoices":false,"DataExportTag":"Q4","QuestionID":"QID172807678","QuestionType":"Slider","Selector":"HSLIDER","DataVisibility":{"Private":false,"Hidden":false},"Configuration":{"QuestionDescriptionOption":"UseText","CSSliderMin":0,"CSSliderMax":100,"GridLines":10,"SnapToGrid":false,"NumDecimals":"0","ShowValue":true,"CustomStart":true,"SliderStartPositions":{"1":0,"2":0,"3":0,"4":0},"NotApplicable":false,"MobileFirst":true},"QuestionDescription":"How effectively are your talents being utilized by the department?","Choices":{"1":{"Display":"Sub-question-1"},"2":{"Display":"Sub-question-2"},"3":{"Display":"Sub-question-3"},"4":{"Display":"Sub-question-4"}},"ChoiceOrder":[1,2,3,4],"Validation":{"Settings":{"ForceResponse":"OFF","ForceResponseType":"ON","Type":"None"}},"GradingData":[],"Language":{"DE":{"QuestionText":"Wie effizient werden Ihre Talente in der Abteilung eingesetzt?","Choices":{"1":{"Display":"Extrem effizient"},"2":{"Display":"Sehr effizient"},"3":{"Display":"Effizient"},"4":{"Display":"Nicht sehr effizient"}},"Labels":[]},"ES":{"QuestionText":"\u00bfCon qu\u00e9 eficacia emplea sus talentos el departamento para el cual trabaja?","Choices":{"1":{"Display":"Con extrema eficacia"},"2":{"Display":"Con mucha eficacia"},"3":{"Display":"Con moderada eficacia"},"4":{"Display":"Con ligera eficacia"}},"Labels":[]},"ES-ES":{"QuestionText":"\u00bfCon qu\u00e9 grado de eficacia utiliza el departamento sus talentos?","Choices":{"1":{"Display":"Con gran eficacia"},"2":{"Display":"Con mucha eficacia"},"3":{"Display":"Con eficacia moderada"},"4":{"Display":"Con poca eficacia"}},"Labels":[]},"FI":{"QuestionText":"Kuinka tehokkaasti kykyj\u00e4si hy\u00f6dynnet\u00e4\u00e4n osastolla?","Choices":{"1":{"Display":"Todella tehokkaasti"},"2":{"Display":"Eritt\u00e4in tehokkaasti"},"3":{"Display":"Kohtuullisen tehokkaasti"},"4":{"Display":"Hieman tehokkaasti"}},"Labels":[]},"FR":{"QuestionText":"Comment d\u00e9cririez-vous l'utilisation qui est faite de vos talents par le d\u00e9partement\u00a0?","Choices":{"1":{"Display":"Extr\u00eamement efficace"},"2":{"Display":"Tr\u00e8s efficace"},"3":{"Display":"Moyennement efficace"},"4":{"Display":"L\u00e9g\u00e8rement efficace"}},"Labels":[]},"IT":{"QuestionText":"Quanto \u00e8 efficace il modo in cui vengono utilizzati i tuoi talenti nel dipartimento?","Choices":{"1":{"Display":"Estremamente efficace"},"2":{"Display":"Molto efficace"},"3":{"Display":"Moderatamente efficace"},"4":{"Display":"Poco efficace"}},"Labels":[]},"JA":{"QuestionText":"\u6240\u5c5e\u90e8\u9580\u3067\u3042\u306a\u305f\u306e\u624d\u80fd\u306f\u3069\u308c\u304f\u3089\u3044\u52b9\u679c\u7684\u306b\u6d3b\u7528\u3055\u308c\u3066\u3044\u307e\u3059\u304b\uff1f","Choices":{"1":{"Display":"\u975e\u5e38\u306b\u52b9\u679c\u7684\u3060"},"2":{"Display":"\u304b\u306a\u308a\u52b9\u679c\u7684\u3060"},"3":{"Display":"\u3084\u3084\u52b9\u679c\u7684\u3060"},"4":{"Display":"\u3042\u307e\u308a\u52b9\u679c\u7684\u3067\u306a\u3044"}},"Labels":[]},"KO":{"QuestionText":"\ubd80\uc11c\uc5d0 \uc778\uc7ac\ub97c \uc5bc\ub9c8\ub098 \ud6a8\uacfc\uc801\uc73c\ub85c \ud65c\uc6a9\ud558\uace0 \uc788\uc2b5\ub2c8\uae4c?","Choices":{"1":{"Display":"\uadf9\ud788 \ud6a8\uacfc\uc801\uc784"},"2":{"Display":"\ub9e4\uc6b0 \ud6a8\uacfc\uc801\uc784"},"3":{"Display":"\uc5b4\ub290 \uc815\ub3c4 \ud6a8\uacfc\uc801\uc784"},"4":{"Display":"\uc57d\uac04 \ud6a8\uacfc\uc801\uc784"}},"Labels":[]},"NL":{"QuestionText":"Hoe doeltreffend worden uw talenten door de afdeling benut?","Choices":{"1":{"Display":"Bijzonder doeltreffend"},"2":{"Display":"Heel doeltreffend"},"3":{"Display":"Doeltreffend"},"4":{"Display":"Enigszins doeltreffend"}},"Labels":[]},"PT":{"QuestionText":"Como classifica a efici\u00eancia com que os seus talentos est\u00e3o a ser utilizados pelo departamento?","Choices":{"1":{"Display":"Extremamente eficiente"},"2":{"Display":"Muito eficiente"},"3":{"Display":"Relativamente eficiente"},"4":{"Display":"Ligeiramente eficiente"}},"Labels":[]},"PT-BR":{"QuestionText":"Seus talentos est\u00e3o sendo utilizados pelo departamento? Com que efic\u00e1cia?","Choices":{"1":{"Display":"Com extrema efic\u00e1cia"},"2":{"Display":"Com muita efic\u00e1cia"},"3":{"Display":"Com moderada efic\u00e1cia"},"4":{"Display":"Com pouca efic\u00e1cia"}},"Labels":[]},"ZH-S":{"QuestionText":"\u60a8\u5728\u90e8\u95e8\u53d1\u6325\u624d\u80fd\u7684\u6709\u6548\u7a0b\u5ea6\u5982\u4f55\uff1f","Choices":{"1":{"Display":"\u6781\u4e3a\u6709\u6548"},"2":{"Display":"\u975e\u5e38\u6709\u6548"},"3":{"Display":"\u4e00\u822c\u6709\u6548"},"4":{"Display":"\u6709\u70b9\u6709\u6548"}},"Labels":[]},"ZH-T":{"QuestionText":"\u90e8\u9580\u5728\u5229\u7528\u60a8\u7684\u624d\u80fd\u65b9\u9762\u7684\u6709\u6548\u7a0b\u5ea6\u5982\u4f55\uff1f","Choices":{"1":{"Display":"\u6975\u5176\u6709\u6548"},"2":{"Display":"\u975e\u5e38\u6709\u6548"},"3":{"Display":"\u4e2d\u7b49\u7a0b\u5ea6\u6709\u6548"},"4":{"Display":"\u8f15\u5fae\u6709\u6548"}},"Labels":[]}},"NextChoiceId":5,"NextAnswerId":1,"Labels":[]}},{"SurveyID":"SV_eLp3fshrgrS1EzP","Element":"SQ","PrimaryAttribute":"QID172807679","SecondaryAttribute":"How fair or unfair are the administrative procedures at this university (e.g., the faculty evalua...","TertiaryAttribute":null,"Payload":{"QuestionText":"How fair or unfair are the administrative procedures at this university (e.g., the faculty evaluation process)?","DefaultChoices":false,"DataExportTag":"Q6","QuestionID":"QID172807679","QuestionType":"SBS","Selector":"SBSMatrix","DataVisibility":{"Private":false,"Hidden":false},"Configuration":{"QuestionDescriptionOption":"UseText","RepeatHeaders":"none"},"QuestionDescription":"How fair or unfair are the administrative procedures at this university (e.g., the faculty evalua...","Choices":{"1":{"Display":"Topic-1"},"2":{"Display":"Topic-2"},"3":{"Display":"Topic-3"},"4":{"Display":"Topic-4"}},"ChoiceOrder":[1,2,3,4],"Validation":{"Settings":{"ForceResponse":"OFF","ForceResponseType":"ON","Type":"None"}},"GradingData":[],"Language":{"DE":{"QuestionText":"Wie fair sind die Verwaltungsverfahren an dieser Universit\u00e4t (z.\u00a0B. der Bewertungsprozess der Fakult\u00e4t)?","Choices":{"1":{"Display":"Extrem fair"},"2":{"Display":"Fair"},"3":{"Display":"Eher fair"},"4":{"Display":"Weder fair noch unfair"}},"Answers":[],"AdditionalQuestions":{"1":{"Answers":[],"RecodeValues":[],"VariableNaming":[],"AnalyzeChoices":[]},"2":{"Answers":[],"RecodeValues":[],"VariableNaming":[],"AnalyzeChoices":[]}},"NumberOfQuestions":2},"ES":{"QuestionText":"\u00bfCu\u00e1n justos o injustos son los procedimientos administrativos en esta universidad (por ejemplo, el proceso de evaluaci\u00f3n del cuerpo docente)?","Choices":{"1":{"Display":"Extremadamente justos"},"2":{"Display":"Moderadamente justos"},"3":{"Display":"Ligeramente justos"},"4":{"Display":"Ni justos ni injustos"}},"Answers":[],"AdditionalQuestions":{"1":{"Answers":[],"RecodeValues":[],"VariableNaming":[],"AnalyzeChoices":[]},"2":{"Answers":[],"RecodeValues":[],"VariableNaming":[],"AnalyzeChoices":[]}},"NumberOfQuestions":2},"ES-ES":{"QuestionText":"\u00bfSon justos los procesos administrativos de esta universidad (p. ej., el proceso de evaluaci\u00f3n de docentes)?","Choices":{"1":{"Display":"Extremadamente justos"},"2":{"Display":"Moderadamente justos"},"3":{"Display":"Ligeramente justos"},"4":{"Display":"Ni justos ni injustos"}},"Answers":[],"AdditionalQuestions":{"1":{"Answers":[],"RecodeValues":[],"VariableNaming":[],"AnalyzeChoices":[]},"2":{"Answers":[],"RecodeValues":[],"VariableNaming":[],"AnalyzeChoices":[]}},"NumberOfQuestions":2},"FI":{"QuestionText":"Kuinka oikeudenmukaisia tai ep\u00e4oikeudenmukaisia ovat t\u00e4m\u00e4n yliopiston hallinnolliset menettelyt (esimerkiksi tiedekunnan arviointimenettely)?","Choices":{"1":{"Display":"Todella oikeudenmukaisia"},"2":{"Display":"Kohtuullisen oikeudenmukaisia"},"3":{"Display":"Hieman oikeudenmukaisia"},"4":{"Display":"Ei oikeudenmukaisia eik\u00e4 ep\u00e4oikeudenmukaisia"}},"Answers":[],"AdditionalQuestions":{"1":{"Answers":[],"RecodeValues":[],"VariableNaming":[],"AnalyzeChoices":[]},"2":{"Answers":[],"RecodeValues":[],"VariableNaming":[],"AnalyzeChoices":[]}},"NumberOfQuestions":2},"FR":{"QuestionText":"Dans quelle mesure les proc\u00e9dures administratives de cette universit\u00e9 sont-elles justes (par exemple, le processus d'\u00e9valuation des enseignants)\u00a0?","Choices":{"1":{"Display":"Extr\u00eamement justes"},"2":{"Display":"Moyennement justes"},"3":{"Display":"L\u00e9g\u00e8rement justes"},"4":{"Display":"Ni justes, ni injustes"}},"Answers":[],"AdditionalQuestions":{"1":{"Answers":[],"RecodeValues":[],"VariableNaming":[],"AnalyzeChoices":[]},"2":{"Answers":[],"RecodeValues":[],"VariableNaming":[],"AnalyzeChoices":[]}},"NumberOfQuestions":2},"IT":{"QuestionText":"Quanto sono giuste o ingiuste le procedure amministrative di questa universit\u00e0 (ad esempio, processo di valutazione del corpo docente)?","Choices":{"1":{"Display":"Estremamente giuste"},"2":{"Display":"Moderatamente giuste"},"3":{"Display":"Poco giuste"},"4":{"Display":"N\u00e9 giuste, n\u00e9 ingiuste"}},"Answers":[],"AdditionalQuestions":{"1":{"Answers":[],"RecodeValues":[],"VariableNaming":[],"AnalyzeChoices":[]},"2":{"Answers":[],"RecodeValues":[],"VariableNaming":[],"AnalyzeChoices":[]}},"NumberOfQuestions":2},"JA":{"QuestionText":"\u3053\u306e\u5927\u5b66\u306e\u7ba1\u7406\u65b9\u6cd5\uff08\u6559\u54e1\u8a55\u4fa1\u30d7\u30ed\u30bb\u30b9\u306a\u3069\uff09\u306f\u3069\u308c\u304f\u3089\u3044\u516c\u5e73\u3067\u3059\u304b\uff1f","Choices":{"1":{"Display":"\u975e\u5e38\u306b\u516c\u5e73\u3060"},"2":{"Display":"\u3084\u3084\u516c\u5e73\u3060"},"3":{"Display":"\u591a\u5c11\u306f\u516c\u5e73\u3060"},"4":{"Display":"\u3069\u3061\u3089\u3068\u3082\u3044\u3048\u306a\u3044"}},"Answers":[],"AdditionalQuestions":{"1":{"Answers":[],"RecodeValues":[],"VariableNaming":[],"AnalyzeChoices":[]},"2":{"Answers":[],"RecodeValues":[],"VariableNaming":[],"AnalyzeChoices":[]}},"NumberOfQuestions":2},"KO":{"QuestionText":"\uc774 \ub300\ud559\uad50\uc758 \ud589\uc815 \uc808\ucc28(\uc608: \uad50\uc218\uc9c4 \ud3c9\uac00 \ud504\ub85c\uc138\uc2a4)\uc758 \uacf5\uc815\ud568\uc740 \uc5b4\ub290 \uc815\ub3c4\uc785\ub2c8\uae4c?","Choices":{"1":{"Display":"\uadf9\ud788 \uacf5\uc815\ud568"},"2":{"Display":"\uc5b4\ub290 \uc815\ub3c4 \uacf5\uc815\ud568"},"3":{"Display":"\uc57d\uac04 \uacf5\uc815\ud568"},"4":{"Display":"\uacf5\uc815\ud558\uc9c0\ub3c4 \ubd88\uacf5\uc815\ud558\uc9c0\ub3c4 \uc54a\uc74c"}},"Answers":[],"AdditionalQuestions":{"1":{"Answers":[],"RecodeValues":[],"VariableNaming":[],"AnalyzeChoices":[]},"2":{"Answers":[],"RecodeValues":[],"VariableNaming":[],"AnalyzeChoices":[]}},"NumberOfQuestions":2},"NL":{"QuestionText":"Hoe eerlijk of oneerlijk zijn de administratieve procedures aan deze universiteit (bv. evaluatieproces faculteit)?","Choices":{"1":{"Display":"Bijzonder eerlijk"},"2":{"Display":"Eerlijk"},"3":{"Display":"Enigszins eerlijk"},"4":{"Display":"Noch eerlijk, noch oneerlijk"}},"Answers":[],"AdditionalQuestions":{"1":{"Answers":[],"RecodeValues":[],"VariableNaming":[],"AnalyzeChoices":[]},"2":{"Answers":[],"RecodeValues":[],"VariableNaming":[],"AnalyzeChoices":[]}},"NumberOfQuestions":2},"PT":{"QuestionText":"Considera que os procedimentos administrativos desta faculdade (p. ex., o processo de avalia\u00e7\u00e3o da faculdade) \u00e9 justo ou injusto?","Choices":{"1":{"Display":"Extremamente justo"},"2":{"Display":"Relativamente justo"},"3":{"Display":"Ligeiramente justo"},"4":{"Display":"Nem justo nem injusto"}},"Answers":[],"AdditionalQuestions":{"1":{"Answers":[],"RecodeValues":[],"VariableNaming":[],"AnalyzeChoices":[]},"2":{"Answers":[],"RecodeValues":[],"VariableNaming":[],"AnalyzeChoices":[]}},"NumberOfQuestions":2},"PT-BR":{"QuestionText":"Os procedimentos administrativos nesta universidade (por exemplo, o processo de avalia\u00e7\u00e3o do corpo docente) s\u00e3o justos ou injustos?","Choices":{"1":{"Display":"Extremamente justos"},"2":{"Display":"Moderadamente justos"},"3":{"Display":"Levemente justos"},"4":{"Display":"Nem justo nem injustos"}},"Answers":[],"AdditionalQuestions":{"1":{"Answers":[],"RecodeValues":[],"VariableNaming":[],"AnalyzeChoices":[]},"2":{"Answers":[],"RecodeValues":[],"VariableNaming":[],"AnalyzeChoices":[]}},"NumberOfQuestions":2},"ZH-S":{"QuestionText":"\u8be5\u5927\u5b66\u7684\u884c\u653f\u7a0b\u5e8f\uff08\u4f8b\u5982\uff0c\u6559\u5e08\u8bc4\u4f30\u6d41\u7a0b\uff09\u7684\u516c\u5e73\u7a0b\u5ea6\u5982\u4f55\uff1f","Choices":{"1":{"Display":"\u6781\u4e3a\u516c\u5e73"},"2":{"Display":"\u4e00\u822c\u516c\u5e73"},"3":{"Display":"\u6709\u70b9\u516c\u5e73"},"4":{"Display":"\u8bf4\u4e0d\u4e0a\u516c\u5e73\u4e0d\u516c\u5e73"}},"Answers":[],"AdditionalQuestions":{"1":{"Answers":[],"RecodeValues":[],"VariableNaming":[],"AnalyzeChoices":[]},"2":{"Answers":[],"RecodeValues":[],"VariableNaming":[],"AnalyzeChoices":[]}},"NumberOfQuestions":2},"ZH-T":{"QuestionText":"\u9019\u6240\u5927\u5b78\u7684\u884c\u653f\u7ba1\u7406\u7a0b\u5e8f\uff08\u5982\u6559\u8077\u54e1\u8a55\u4f30\u7a0b\u5e8f\uff09\u516c\u5e73\u7a0b\u5ea6\u5982\u4f55\uff1f","Choices":{"1":{"Display":"\u6975\u5176\u516c\u5e73"},"2":{"Display":"\u4e2d\u7b49\u7a0b\u5ea6\u516c\u5e73"},"3":{"Display":"\u7a0d\u5fae\u516c\u5e73"},"4":{"Display":"\u65e2\u4e0d\u662f\u516c\u5e73\u4e5f\u4e0d\u662f\u4e0d\u516c\u5e73"}},"Answers":[],"AdditionalQuestions":{"1":{"Answers":[],"RecodeValues":[],"VariableNaming":[],"AnalyzeChoices":[]},"2":{"Answers":[],"RecodeValues":[],"VariableNaming":[],"AnalyzeChoices":[]}},"NumberOfQuestions":2}},"NextChoiceId":5,"NextAnswerId":3,"NumberOfQuestions":2,"AdditionalQuestions":{"1":{"QuestionText":"Evaluate by X","Answers":{"1":{"Display":"Yes"},"2":{"Display":"No"}},"RecodeValues":[],"VariableNaming":[],"AnalyzeChoices":[],"QuestionType":"Matrix","Selector":"Likert","SubSelector":"SingleAnswer","ChoiceColumnWidthPixels":null,"DataExportTag":"Q6#1","QuestionID":"QID172807679#1","Choices":{"1":{"Display":"Topic-1"},"2":{"Display":"Topic-2"},"3":{"Display":"Topic-3"},"4":{"Display":"Topic-4"}},"ChoiceDataExportTags":false,"QuestionDescription":"Evaluate by X","Configuration":{"QuestionDescriptionOption":"UseText"}},"2":{"QuestionText":"Evaluate by Y","Answers":{"1":{"Display":"Yes"},"2":{"Display":"No"}},"RecodeValues":[],"VariableNaming":[],"AnalyzeChoices":[],"QuestionType":"Matrix","Selector":"Likert","SubSelector":"SingleAnswer","ChoiceColumnWidthPixels":null,"DataExportTag":"Q6#2","QuestionID":"QID172807679#2","Choices":{"1":{"Display":"Topic-1"},"2":{"Display":"Topic-2"},"3":{"Display":"Topic-3"},"4":{"Display":"Topic-4"}},"ChoiceDataExportTags":false,"QuestionDescription":"Evaluate by Y","Configuration":{"QuestionDescriptionOption":"UseText"}}},"ChoiceDataExportTags":false}},{"SurveyID":"SV_eLp3fshrgrS1EzP","Element":"SQ","PrimaryAttribute":"QID172807674","SecondaryAttribute":"How positive or negative are your interactions with other members\nof your department?","TertiaryAttribute":null,"Payload":{"ChoiceOrder":[1,2,3,4,5,6,7],"Choices":{"1":{"Display":"Extremely positive"},"2":{"Display":"Moderately positive"},"3":{"Display":"Slightly positive"},"4":{"Display":"Neither positive nor negative"},"5":{"Display":"Slightly negative"},"6":{"Display":"Moderately negative"},"7":{"Display":"Extremely negative"}},"Configuration":{"QuestionDescriptionOption":"UseText"},"DataExportTag":"Q1","Language":{"DE":{"Choices":{"1":{"Display":"Sehr positiv"},"2":{"Display":"Positiv"},"3":{"Display":"Eher positiv"},"4":{"Display":"Weder positiv noch negativ"},"5":{"Display":"Eher negativ"},"6":{"Display":"Negativ"},"7":{"Display":"Sehr negativ"}},"QuestionText":"Wie beurteilen Sie die Interaktion mit anderen Mitgliedern Ihrer Abteilung?"},"ES":{"Choices":{"1":{"Display":"Extremadamente positivas"},"2":{"Display":"Moderadamente positivas"},"3":{"Display":"Ligeramente positivas"},"4":{"Display":"Ni positivo ni negativas"},"5":{"Display":"Ligeramente negativas"},"6":{"Display":"Moderadamente negativas"},"7":{"Display":"Extremadamente negativas"}},"QuestionText":"\u00bfQu\u00e9 tan positivas o negativas son sus interacciones con otros miembros de su departamento?"},"ES-ES":{"Choices":{"1":{"Display":"Extremadamente positivo"},"2":{"Display":"Muy positivo"},"3":{"Display":"Algo positivo"},"4":{"Display":"Ni positivo ni negativo"},"5":{"Display":"Algo negativo"},"6":{"Display":"Muy negativo"},"7":{"Display":"Extremadamente negativo"}},"QuestionText":"\u00bfConsidera positivo su grado de interacci\u00f3n con otros miembros del departamento?"},"FI":{"Choices":{"1":{"Display":"Todella my\u00f6nteist\u00e4"},"2":{"Display":"Kohtuullisen my\u00f6nteist\u00e4"},"3":{"Display":"Hieman my\u00f6nteist\u00e4"},"4":{"Display":"Ei my\u00f6nteist\u00e4 eik\u00e4 kielteist\u00e4"},"5":{"Display":"Hieman kielteist\u00e4"},"6":{"Display":"Kohtuullisen kielteist\u00e4"},"7":{"Display":"Todella kielteist\u00e4"}},"QuestionText":"Kuinka my\u00f6nteist\u00e4 tai kielteist\u00e4 on vuorovaikutuksesi osastosi muiden j\u00e4senten kanssa?"},"FR":{"Choices":{"1":{"Display":"Extr\u00eamement positives"},"2":{"Display":"Moyennement positives"},"3":{"Display":"L\u00e9g\u00e8rement positives"},"4":{"Display":"Ni positives, ni n\u00e9gatives"},"5":{"Display":"L\u00e9g\u00e8rement n\u00e9gatives"},"6":{"Display":"Moyennement n\u00e9gatives"},"7":{"Display":"Extr\u00eamement n\u00e9gatives"}},"QuestionText":"Dans quelle mesure vos interactions avec les autres membres de votre d\u00e9partement sont-elles positives\u00a0?"},"IT":{"Choices":{"1":{"Display":"Estremamente positivo"},"2":{"Display":"Moderatamente positivo"},"3":{"Display":"Leggermente positivo"},"4":{"Display":"N\u00e9 positivo n\u00e9 negativo"},"5":{"Display":"Leggermente negativo"},"6":{"Display":"Moderatamente negativo"},"7":{"Display":"Estremamente negativo"}},"QuestionText":"Quanto sono positive o negative le tue interazioni con altri membri del tuo dipartimento?"},"JA":{"Choices":{"1":{"Display":"\u975e\u5e38\u306b\u7a4d\u6975\u7684\u3060"},"2":{"Display":"\u307e\u3042\u307e\u3042\u7a4d\u6975\u7684\u3060"},"3":{"Display":"\u308f\u305a\u304b\u306b\u7a4d\u6975\u7684\u3060"},"4":{"Display":"\u7a4d\u6975\u7684\u3067\u3082\u6d88\u6975\u7684\u3067\u3082\u306a\u3044"},"5":{"Display":"\u308f\u305a\u304b\u306b\u6d88\u6975\u7684\u3060"},"6":{"Display":"\u307e\u3042\u307e\u3042\u6d88\u6975\u7684\u3060"},"7":{"Display":"\u975e\u5e38\u306b\u6d88\u6975\u7684\u3060"}},"QuestionText":"\u6240\u5c5e\u90e8\u9580\u306e\u4ed6\u306e\u30e1\u30f3\u30d0\u30fc\u3068\u306f\u3001\u3069\u308c\u304f\u3089\u3044\u7a4d\u6975\u7684\u306b\u30b3\u30df\u30e5\u30cb\u30b1\u30fc\u30b7\u30e7\u30f3\u3092\u3068\u3063\u3066\u3044\u307e\u3059\u304b\uff1f"},"KO":{"Choices":{"1":{"Display":"\uadf9\ud788 \uae0d\uc815\uc801"},"2":{"Display":"\uc5b4\ub290 \uc815\ub3c4 \uae0d\uc815\uc801"},"3":{"Display":"\uc57d\uac04 \uae0d\uc815\uc801"},"4":{"Display":"\uae0d\uc815\uc801\uc774\uc9c0\ub3c4 \ubd80\uc815\uc801\uc774\uc9c0\ub3c4 \uc54a\uc74c"},"5":{"Display":"\uc57d\uac04 \ubd80\uc815\uc801"},"6":{"Display":"\uc5b4\ub290 \uc815\ub3c4 \ubd80\uc815\uc801"},"7":{"Display":"\uadf9\ud788 \ubd80\uc815\uc801"}},"QuestionText":"\ubd80\uc11c\uc758 \ub2e4\ub978 \ud300\uc6d0\uacfc\uc758 \uc0c1\ud638 \uc791\uc6a9\uc774 \uc5bc\ub9c8\ub098 \uae0d\uc815\uc801\uc785\ub2c8\uae4c?"},"NL":{"Choices":{"1":{"Display":"Zeer positief"},"2":{"Display":"Positief"},"3":{"Display":"Eerder positief"},"4":{"Display":"Noch positief, noch negatief"},"5":{"Display":"Eerder negatief"},"6":{"Display":"Negatief"},"7":{"Display":"Zeer negatief"}},"QuestionText":"Hoe positief of negatief is uw interactie met andere leden van uw afdeling?"},"PT":{"Choices":{"1":{"Display":"Extremamente positivo"},"2":{"Display":"Relativamente positivo"},"3":{"Display":"Ligeiramente positivo"},"4":{"Display":"Nem positivo nem negativo"},"5":{"Display":"Ligeiramente negativo"},"6":{"Display":"Relativamente negativo"},"7":{"Display":"Extremamente negativo"}},"QuestionText":"Considera que as suas intera\u00e7\u00f5es com os outros membros do departamento s\u00e3o positivas ou negativas?"},"PT-BR":{"Choices":{"1":{"Display":"Extremamente positivas"},"2":{"Display":"Moderadamente positivas"},"3":{"Display":"Levemente positivas"},"4":{"Display":"Nem positivo nem negativas"},"5":{"Display":"Levemente negativas"},"6":{"Display":"Moderadamente negativas"},"7":{"Display":"Extremamente negativas"}},"QuestionText":"Suas intera\u00e7\u00f5es com outros membros de seu departamento s\u00e3o positivas ou negativas?"},"ZH-S":{"Choices":{"1":{"Display":"\u6781\u5176\u79ef\u6781"},"2":{"Display":"\u4e00\u822c\u79ef\u6781"},"3":{"Display":"\u6709\u70b9\u79ef\u6781"},"4":{"Display":"\u65e2\u4e0d\u79ef\u6781\u4e5f\u4e0d\u6d88\u6781"},"5":{"Display":"\u6709\u70b9\u6d88\u6781"},"6":{"Display":"\u4e00\u822c\u6d88\u6781"},"7":{"Display":"\u6781\u5176\u6d88\u6781"}},"QuestionText":"\u60a8\u4e0e\u672c\u90e8\u95e8\u5176\u4ed6\u6210\u5458\u4e92\u52a8\u7684\u79ef\u6781\u7a0b\u5ea6\u5982\u4f55\uff1f"},"ZH-T":{"Choices":{"1":{"Display":"\u6975\u5176\u7a4d\u6975"},"2":{"Display":"\u4e2d\u7b49\u7a0b\u5ea6\u7a4d\u6975"},"3":{"Display":"\u7a0d\u5fae\u7a4d\u6975"},"4":{"Display":"\u65e2\u4e0d\u7a4d\u6975\u4e5f\u4e0d\u6d88\u6975"},"5":{"Display":"\u7a0d\u5fae\u6d88\u6975"},"6":{"Display":"\u4e2d\u7b49\u7a0b\u5ea6\u6d88\u6975"},"7":{"Display":"\u6975\u5176\u6d88\u6975"}},"QuestionText":"\u60a8\u8207\u90e8\u9580\u5176\u4ed6\u6210\u54e1\u7684\u4ea4\u6d41\u7a4d\u6975\u6216\u6d88\u6975\u7a0b\u5ea6\u5982\u4f55\uff1f"}},"QuestionDescription":"How positive or negative are your interactions with other members\nof your department?","QuestionID":"QID172807674","QuestionText":"How positive or negative are your interactions with other members of your department?","QuestionText_Unsafe":"How positive or negative are your interactions with other members of your department?","QuestionType":"MC","Selector":"SAVR","SubSelector":"TX","Validation":{"Settings":{"ForceResponse":"OFF","ForceResponseType":"ON","Type":"None"}}}},{"SurveyID":"SV_eLp3fshrgrS1EzP","Element":"SQ","PrimaryAttribute":"QID172807680","SecondaryAttribute":"How satisfied or dissatisfied are you with the senior administration at this university?","TertiaryAttribute":null,"Payload":{"QuestionText":"How satisfied or dissatisfied are you with the senior administration at this university?","DefaultChoices":false,"DataExportTag":"Q5","QuestionID":"QID172807680","QuestionType":"RO","Selector":"DND","SubSelector":"TX","DataVisibility":{"Private":false,"Hidden":false},"Configuration":{"QuestionDescriptionOption":"UseText"},"QuestionDescription":"How satisfied or dissatisfied are you with the senior administration at this university?","Choices":{"1":{"Display":"Statement-1"},"2":{"Display":"Statement-2"},"3":{"Display":"Statement-3"},"4":{"Display":"Statement-4"},"5":{"Display":"Statement-5"}},"ChoiceOrder":[1,2,3,4,5],"Validation":{"Settings":{"ForceResponse":"OFF","Type":"None"}},"GradingData":[],"Language":{"DE":{"QuestionText":"Wie zufrieden sind Sie mit der Universit\u00e4tsleitung?","Choices":{"1":{"Display":"\u00c4u\u00dferst zufrieden"},"2":{"Display":"Zufrieden"},"3":{"Display":"Teils zufrieden"},"4":{"Display":"Weder zufrieden noch unzufrieden"},"5":{"Display":"Teils unzufrieden"}}},"ES":{"QuestionText":"\u00bfCu\u00e1n satisfecho o insatisfecho est\u00e1 con la alta gerencia de esta universidad?","Choices":{"1":{"Display":"Extremadamente satisfecho"},"2":{"Display":"Moderadamente satisfecho"},"3":{"Display":"Ligeramente satisfecho"},"4":{"Display":"Ni satisfecho ni insatisfecho"},"5":{"Display":"Ligeramente insatisfecho"}}},"ES-ES":{"QuestionText":"\u00bfCu\u00e1l es su grado de satisfacci\u00f3n con la direcci\u00f3n administrativa de esta universidad?","Choices":{"1":{"Display":"Extremadamente satisfecho"},"2":{"Display":"Moderadamente satisfecho"},"3":{"Display":"Ligeramente satisfecho"},"4":{"Display":"Ni satisfecho ni insatisfecho"},"5":{"Display":"Ligeramente insatisfecho"}}},"FI":{"QuestionText":"Kuinka tyytyv\u00e4inen tai tyytym\u00e4t\u00f6n olet ollut t\u00e4m\u00e4n yliopiston ylemm\u00e4n tason hallintoon?","Choices":{"1":{"Display":"Todella tyytyv\u00e4inen"},"2":{"Display":"Kohtuullisen tyytyv\u00e4inen"},"3":{"Display":"Hieman tyytyv\u00e4inen"},"4":{"Display":"Ei tyytyv\u00e4inen eik\u00e4 tyytym\u00e4t\u00f6n"},"5":{"Display":"Hieman tyytym\u00e4t\u00f6n"}}},"FR":{"QuestionText":"Quel est votre degr\u00e9 de satisfaction envers l'administration sup\u00e9rieure de cette universit\u00e9\u00a0?","Choices":{"1":{"Display":"Extr\u00eamement satisfait(e)"},"2":{"Display":"Moyennement satisfait(e)"},"3":{"Display":"Peu satisfait(e)"},"4":{"Display":"Ni satisfait(e), ni insatisfait(e)"},"5":{"Display":"Peu insatisfait(e)"}}},"IT":{"QuestionText":"Complessivamente, quanto sei soddisfatto\/a o insoddisfatto\/a dei vertici amministrativi di questa universit\u00e0?","Choices":{"1":{"Display":"Estremamente soddisfatto\/a"},"2":{"Display":"Moderatamente soddisfatto\/a"},"3":{"Display":"Leggermente soddisfatto\/a"},"4":{"Display":"Neutrale"},"5":{"Display":"Leggermente insoddisfatto\/a"}}},"JA":{"QuestionText":"\u3053\u306e\u5927\u5b66\u306e\u4e0a\u7d1a\u7ba1\u7406\u8077\u306b\u3069\u308c\u304f\u3089\u3044\u6e80\u8db3\u3057\u3066\u3044\u307e\u3059\u304b\uff1f","Choices":{"1":{"Display":"\u975e\u5e38\u306b\u6e80\u8db3\u3060"},"2":{"Display":"\u307e\u3042\u307e\u3042\u6e80\u8db3\u3060"},"3":{"Display":"\u591a\u5c11\u6e80\u8db3\u3060"},"4":{"Display":"\u3069\u3061\u3089\u3067\u3082\u306a\u3044"},"5":{"Display":"\u5c11\u3005\u4e0d\u6e80\u3060"}}},"KO":{"QuestionText":"\uc774 \ub300\ud559\uad50\uc758 \uace0\uc704 \ud589\uc815\ubd80\uc5d0 \ub300\ud55c \ub9cc\uc871\ub3c4\ub294 \uc5b4\ub290 \uc815\ub3c4\uc785\ub2c8\uae4c?","Choices":{"1":{"Display":"\uadf9\ud788 \ub9cc\uc871\ud568"},"2":{"Display":"\uc5b4\ub290 \uc815\ub3c4 \ub9cc\uc871\ud568"},"3":{"Display":"\uc57d\uac04 \ub9cc\uc871\ud568"},"4":{"Display":"\ub9cc\uc871\ud558\uc9c0\ub3c4 \ubd88\ub9cc\uc871\ud558\uc9c0\ub3c4 \uc54a\uc74c"},"5":{"Display":"\uc57d\uac04 \ubd88\ub9cc\uc871\ud568"}}},"NL":{"QuestionText":"Hoe tevreden of ontevreden bent u over het hoger bestuur van deze universiteit?","Choices":{"1":{"Display":"Zeer tevreden"},"2":{"Display":"Tevreden"},"3":{"Display":"Eerder tevreden"},"4":{"Display":"Noch tevreden, noch ontevreden"},"5":{"Display":"Eerder ontevreden"}}},"PT":{"QuestionText":"Como classifica a sua satisfa\u00e7\u00e3o relativamente \u00e0 dire\u00e7\u00e3o desta universidade?","Choices":{"1":{"Display":"Extremamente satisfeito"},"2":{"Display":"Relativamente satisfeito"},"3":{"Display":"Ligeiramente satisfeito"},"4":{"Display":"Nem satisfeito nem insatisfeito"},"5":{"Display":"Ligeiramente insatisfeito"}}},"PT-BR":{"QuestionText":"Voc\u00ea est\u00e1 satisfeito com a administra\u00e7\u00e3o s\u00eanior nesta universidade?","Choices":{"1":{"Display":"Extremamente satisfeito"},"2":{"Display":"Moderadamente satisfeito"},"3":{"Display":"Levemente satisfeito"},"4":{"Display":"Nem satisfeito nem insatisfeito"},"5":{"Display":"Levemente insatisfeito"}}},"ZH-S":{"QuestionText":"\u60a8\u5bf9\u8be5\u5927\u5b66\u9ad8\u7ea7\u884c\u653f\u4eba\u5458\u7684\u6ee1\u610f\u7a0b\u5ea6\u5982\u4f55\uff1f","Choices":{"1":{"Display":"\u6781\u4e3a\u6ee1\u610f"},"2":{"Display":"\u4e00\u822c\u6ee1\u610f"},"3":{"Display":"\u6709\u70b9\u6ee1\u610f"},"4":{"Display":"\u65e0\u6240\u8c13\u6ee1\u4e0d\u6ee1\u610f"},"5":{"Display":"\u6709\u70b9\u4e0d\u6ee1\u610f"}}},"ZH-T":{"QuestionText":"\u60a8\u5c0d\u9019\u6240\u5927\u5b78\u7684\u9ad8\u7d1a\u884c\u653f\u5de5\u4f5c\u6eff\u610f\u7a0b\u5ea6\u5982\u4f55\uff1f","Choices":{"1":{"Display":"\u6975\u5176\u6eff\u610f"},"2":{"Display":"\u4e2d\u7b49\u7a0b\u5ea6\u6eff\u610f"},"3":{"Display":"\u8f15\u5fae\u6eff\u610f"},"4":{"Display":"\u65e2\u4e0d\u662f\u6eff\u610f\u4e5f\u4e0d\u662f\u4e0d\u6eff\u610f"},"5":{"Display":"\u8f15\u5fae\u4e0d\u6eff\u610f"}}}},"NextChoiceId":6,"NextAnswerId":1}},{"SurveyID":"SV_eLp3fshrgrS1EzP","Element":"SQ","PrimaryAttribute":"QID172807677","SecondaryAttribute":"How valued do you feel your input and opinions are by department leaders?","TertiaryAttribute":null,"Payload":{"QuestionText":"<p>How valued do you feel your input and opinions are by department leaders?<\/p>","DefaultChoices":false,"DataExportTag":"Q3","QuestionID":"QID172807677","QuestionType":"TE","Selector":"SL","DataVisibility":{"Private":false,"Hidden":false},"Configuration":{"QuestionDescriptionOption":"UseText","AllowFreeResponse":"false"},"QuestionDescription":"How valued do you feel your input and opinions are by department leaders?","Validation":{"Settings":{"ForceResponse":"OFF","ForceResponseType":"ON","Type":"None"}},"GradingData":[],"Language":{"DE":{"QuestionText":"<p>Wie wertgesch\u00e4tzt sind Ihr Beitrag und Ihre Meinung bei der Abteilungsleitung?<\/p>","Choices":{"1":{"Display":"Besonders wertgesch\u00e4tzt"},"2":{"Display":"Sehr wertgesch\u00e4tzt"},"3":{"Display":"Wertgesch\u00e4tzt"},"4":{"Display":"Nicht sehr wertgesch\u00e4tzt"},"5":{"Display":"\u00dcberhaupt nicht wertgesch\u00e4tzt"}}},"ES":{"QuestionText":"<p>\u00bfEn qu\u00e9 medida siente que sus aportes y opiniones son valorados por los l\u00edderes de departamento?<\/p>","Choices":{"1":{"Display":"Extremadamente valorados"},"2":{"Display":"Muy valorados"},"3":{"Display":"Moderadamente valorados"},"4":{"Display":"Ligeramente valorados"},"5":{"Display":"Nada valorados"}}},"ES-ES":{"QuestionText":"<p>\u00bfCu\u00e1l es el grado de valoraci\u00f3n de sus comentarios y opiniones por parte de los encargados del departamento?<\/p>","Choices":{"1":{"Display":"Extremadamente valorados"},"2":{"Display":"Muy valorados"},"3":{"Display":"Moderadamente valorados"},"4":{"Display":"Ligeramente valorados"},"5":{"Display":"Nada valorados"}}},"FI":{"QuestionText":"<p>Kuinka arvokkaana osaston johtajat mielest\u00e4si pit\u00e4v\u00e4t panostasi ja mielipiteit\u00e4si?<\/p>","Choices":{"1":{"Display":"Todella arvokkaana"},"2":{"Display":"Eritt\u00e4in arvokkaana"},"3":{"Display":"Kohtuullisen arvokkaana"},"4":{"Display":"Hieman arvokkaana"},"5":{"Display":"Ei lainkaan arvokkaana"}}},"FR":{"QuestionText":"<p>Dans quelle mesure vos contributions et vos opinions sont-elles appr\u00e9ci\u00e9es par les responsables du d\u00e9partement\u00a0?<\/p>","Choices":{"1":{"Display":"Extr\u00eamement appr\u00e9ci\u00e9es"},"2":{"Display":"Tr\u00e8s appr\u00e9ci\u00e9es"},"3":{"Display":"Moyennement appr\u00e9ci\u00e9es"},"4":{"Display":"L\u00e9g\u00e8rement appr\u00e9ci\u00e9es"},"5":{"Display":"Pas appr\u00e9ci\u00e9es du tout"}}},"IT":{"QuestionText":"<p>Quanto ritieni apprezzati i tuoi contributi e le tue opinioni da parte dei dirigenti del dipartimento?<\/p>","Choices":{"1":{"Display":"Estremamente apprezzati"},"2":{"Display":"Molto apprezzati"},"3":{"Display":"Moderatamente apprezzati"},"4":{"Display":"Poco apprezzati"},"5":{"Display":"Per niente apprezzati"}}},"JA":{"QuestionText":"<p>\u3042\u306a\u305f\u306e\u30a2\u30c9\u30d0\u30a4\u30b9\u3084\u610f\u898b\u306f\u90e8\u9580\u306e\u30ea\u30fc\u30c0\u30fc\u304b\u3089\u3069\u306e\u3088\u3046\u306b\u8a55\u4fa1\u3055\u308c\u3066\u3044\u308b\u3068\u601d\u3044\u307e\u3059\u304b\uff1f<\/p>","Choices":{"1":{"Display":"\u975e\u5e38\u306b\u8a55\u4fa1\u3055\u308c\u3066\u3044\u308b"},"2":{"Display":"\u3068\u3066\u3082\u8a55\u4fa1\u3055\u308c\u3066\u3044\u308b"},"3":{"Display":"\u307e\u3042\u307e\u3042\u8a55\u4fa1\u3055\u308c\u3066\u3044\u308b"},"4":{"Display":"\u3042\u307e\u308a\u8a55\u4fa1\u3055\u308c\u3066\u3044\u306a\u3044"},"5":{"Display":"\u307e\u3063\u305f\u304f\u8a55\u4fa1\u3055\u308c\u3066\u3044\u306a\u3044"}}},"KO":{"QuestionText":"<p>\ubd80\uc11c \ub9ac\ub354\uac00 \uc790\uc2e0\uc758 \uc5c5\ubb34\uc640 \uc758\uacac\uc744 \uc5bc\ub9c8\ub098 \uc911\uc694\uc2dc\ud55c\ub2e4\uace0 \ub290\ub08d\ub2c8\uae4c?<\/p>","Choices":{"1":{"Display":"\uadf9\ud788 \uc911\uc694\uc2dc\ud568"},"2":{"Display":"\ub9e4\uc6b0 \uc911\uc694\uc2dc\ud568"},"3":{"Display":"\uc5b4\ub290 \uc815\ub3c4 \uc911\uc694\uc2dc\ud568"},"4":{"Display":"\uc57d\uac04 \uc911\uc694\uc2dc\ud568"},"5":{"Display":"\uc804\ud600 \uc911\uc694\uc2dc\ud558\uc9c0 \uc54a\uc74c"}}},"NL":{"QuestionText":"<p>In welke mate worden uw inbreng en standpunten door de afdelingshoofden gewaardeerd?<\/p>","Choices":{"1":{"Display":"Bijzonder gewaardeerd"},"2":{"Display":"Erg gewaardeerd"},"3":{"Display":"Gewaardeerd"},"4":{"Display":"Enigszins gewaardeerd"},"5":{"Display":"Helemaal niet gewaardeerd"}}},"PT":{"QuestionText":"<p>Como classifica a valoriza\u00e7\u00e3o das suas contribui\u00e7\u00f5es e opini\u00f5es para os l\u00edderes do departamento?<\/p>","Choices":{"1":{"Display":"Extremamente valorizadas"},"2":{"Display":"Muito valorizadas"},"3":{"Display":"Moderadamente valorizadas"},"4":{"Display":"Ligeiramente valorizadas"},"5":{"Display":"N\u00e3o s\u00e3o valorizadas de todo"}}},"PT-BR":{"QuestionText":"<p>Voc\u00ea sente que sua contribui\u00e7\u00e3o e suas opini\u00f5es s\u00e3o valorizadas pelos l\u00edderes de departamento?<\/p>","Choices":{"1":{"Display":"Extremamente valorizadas"},"2":{"Display":"Muito valorizadas"},"3":{"Display":"Moderadamente valorizadas"},"4":{"Display":"Levemente valorizadas"},"5":{"Display":"Nada valorizadas"}}},"ZH-S":{"QuestionText":"<p>\u60a8\u8ba4\u4e3a\u90e8\u95e8\u9886\u5bfc\u5bf9\u60a8\u7684\u610f\u89c1\u548c\u89c2\u70b9\u7684\u91cd\u89c6\u7a0b\u5ea6\u5982\u4f55\uff1f<\/p>","Choices":{"1":{"Display":"\u6781\u5176\u91cd\u89c6"},"2":{"Display":"\u975e\u5e38\u91cd\u89c6"},"3":{"Display":"\u4e00\u822c\u91cd\u89c6"},"4":{"Display":"\u6709\u70b9\u91cd\u89c6"},"5":{"Display":"\u6839\u672c\u4e0d\u91cd\u89c6"}}},"ZH-T":{"QuestionText":"<p>\u60a8\u611f\u89ba\u90e8\u9580\u9818\u5c0e\u5c0d\u60a8\u7684\u610f\u898b\u548c\u5efa\u8b70\u91cd\u8996\u7a0b\u5ea6\u5982\u4f55\uff1f<\/p>","Choices":{"1":{"Display":"\u6975\u5176\u91cd\u8996"},"2":{"Display":"\u975e\u5e38\u91cd\u8996"},"3":{"Display":"\u4e2d\u7b49\u7a0b\u5ea6\u91cd\u8996"},"4":{"Display":"\u7a0d\u5fae\u91cd\u8996"},"5":{"Display":"\u4e00\u9ede\u4e5f\u4e0d\u91cd\u8996"}}}},"NextChoiceId":6,"NextAnswerId":1}}]}